
Microsoft Visual Studio Solution File, Format Version 12.00
Project("{FAE04EC0-301F-11D3-BF4B-00C04F79EFBC}") = "src", "src\src.csproj", "{5891C849-10D9-4F16-B874-5D2397287EA0}"
EndProject
Project("{FAE04EC0-301F-11D3-BF4B-00C04F79EFBC}") = "test", "test\test.csproj", "{6DC82DC6-44CD-4AF0-84F7-48A266DE40A8}"
EndProject
Global
	GlobalSection(SolutionConfigurationPlatforms) = preSolution
		Debug|Any CPU = Debug|Any CPU
		Release|Any CPU = Release|Any CPU
	EndGlobalSection
	GlobalSection(ProjectConfigurationPlatforms) = postSolution
		{5891C849-10D9-4F16-B874-5D2397287EA0}.Debug|Any CPU.ActiveCfg = Debug|Any CPU
		{5891C849-10D9-4F16-B874-5D2397287EA0}.Debug|Any CPU.Build.0 = Debug|Any CPU
		{5891C849-10D9-4F16-B874-5D2397287EA0}.Release|Any CPU.ActiveCfg = Release|Any CPU
		{5891C849-10D9-4F16-B874-5D2397287EA0}.Release|Any CPU.Build.0 = Release|Any CPU
		{6DC82DC6-44CD-4AF0-84F7-48A266DE40A8}.Debug|Any CPU.ActiveCfg = Debug|Any CPU
		{6DC82DC6-44CD-4AF0-84F7-48A266DE40A8}.Debug|Any CPU.Build.0 = Debug|Any CPU
		{6DC82DC6-44CD-4AF0-84F7-48A266DE40A8}.Release|Any CPU.ActiveCfg = Release|Any CPU
		{6DC82DC6-44CD-4AF0-84F7-48A266DE40A8}.Release|Any CPU.Build.0 = Release|Any CPU
	EndGlobalSection
EndGlobal
